
Microsoft Visual Studio Solution File, Format Version 12.00
# Visual Studio Version 17
VisualStudioVersion = 17.1.32210.238
MinimumVisualStudioVersion = 10.0.40219.1
Project("{FAE04EC0-301F-11D3-BF4B-00C04F79EFBC}") = "WinFormsApp3", "WinFormsApp3.csproj", "{F38AF95F-D7E1-4FF6-9EDD-A55A2D62C895}"
EndProject
Global
	GlobalSection(SolutionConfigurationPlatforms) = preSolution
		Debug|Any CPU = Debug|Any CPU
		Release|Any CPU = Release|Any CPU
	EndGlobalSection
	GlobalSection(ProjectConfigurationPlatforms) = postSolution
		{F38AF95F-D7E1-4FF6-9EDD-A55A2D62C895}.Debug|Any CPU.ActiveCfg = Debug|Any CPU
		{F38AF95F-D7E1-4FF6-9EDD-A55A2D62C895}.Debug|Any CPU.Build.0 = Debug|Any CPU
		{F38AF95F-D7E1-4FF6-9EDD-A55A2D62C895}.Release|Any CPU.ActiveCfg = Release|Any CPU
		{F38AF95F-D7E1-4FF6-9EDD-A55A2D62C895}.Release|Any CPU.Build.0 = Release|Any CPU
	EndGlobalSection
	GlobalSection(SolutionProperties) = preSolution
		HideSolutionNode = FALSE
	EndGlobalSection
	GlobalSection(ExtensibilityGlobals) = postSolution
		SolutionGuid = {B66F7A59-C636-4D4D-957D-606588569210}
	EndGlobalSection
EndGlobal
